# This file is automatically @generated by Poetry 2.2.1 and should not be changed by hand.

[[package]]
name = "tensorrt"
version = "10.5.0"
description = "TensorRT Metapackage"
optional = false
python-versions = "*"
groups = ["tensorflow"]
files = [
    {file = "tensorrt-10.5.0.tar.gz", hash = "sha256:d5c6338d44aeda20250fdbe31f9df8ca152b830f811aaf19d6c4d1dafd18c84b"},
]

[package.dependencies]
tensorrt-cu12 = "10.5.0"

[[package]]
name = "tensorrt-cu12"
version = "10.5.0"
description = "A high performance deep learning inference library"
optional = false
python-versions = ">=3.6"
groups = ["tensorflow"]
files = [
    {file = "tensorrt-cu12-10.5.0.tar.gz", hash = "sha256:46edbda08c54c8ffa88c75d75b4761eb9839e81678135e8d1530adc8cef6a61b"},
]

[package.extras]
numpy = ["numpy"]

[metadata]
lock-version = "2.1"
python-versions = "3.12.12"
content-hash = "bebc7d0d55b5d7ae05f90060a6580d7ec2c27705fa64a37449aa59c6bf8cd1b4"
